
Microsoft Visual Studio Solution File, Format Version 12.00
# Visual Studio Version 17
VisualStudioVersion = 17.0.31903.59
MinimumVisualStudioVersion = 10.0.40219.1
Project("{FAE04EC0-301F-11D3-BF4B-00C04F79EFBC}") = "ide0079-repro", "ide0079-repro.csproj", "{E75A06AB-8BA8-4524-A685-4E87D0B995A0}"
EndProject
Global
	GlobalSection(SolutionConfigurationPlatforms) = preSolution
		Debug|Any CPU = Debug|Any CPU
		Release|Any CPU = Release|Any CPU
	EndGlobalSection
	GlobalSection(SolutionProperties) = preSolution
		HideSolutionNode = FALSE
	EndGlobalSection
	GlobalSection(ProjectConfigurationPlatforms) = postSolution
		{E75A06AB-8BA8-4524-A685-4E87D0B995A0}.Debug|Any CPU.ActiveCfg = Debug|Any CPU
		{E75A06AB-8BA8-4524-A685-4E87D0B995A0}.Debug|Any CPU.Build.0 = Debug|Any CPU
		{E75A06AB-8BA8-4524-A685-4E87D0B995A0}.Release|Any CPU.ActiveCfg = Release|Any CPU
		{E75A06AB-8BA8-4524-A685-4E87D0B995A0}.Release|Any CPU.Build.0 = Release|Any CPU
	EndGlobalSection
EndGlobal
